
Microsoft Visual Studio Solution File, Format Version 12.00
# Visual Studio Version 17
VisualStudioVersion = 17.0.31919.166
MinimumVisualStudioVersion = 10.0.40219.1
Project("{FAE04EC0-301F-11D3-BF4B-00C04F79EFBC}") = "BreachPathAPI", "BreachPathAPI.csproj", "{13452988-9B22-4F94-A698-39F3388415A8}"
EndProject
Global
	GlobalSection(SolutionConfigurationPlatforms) = preSolution
		Debug|Any CPU = Debug|Any CPU
		Release|Any CPU = Release|Any CPU
	EndGlobalSection
	GlobalSection(ProjectConfigurationPlatforms) = postSolution
		{13452988-9B22-4F94-A698-39F3388415A8}.Debug|Any CPU.ActiveCfg = Debug|Any CPU
		{13452988-9B22-4F94-A698-39F3388415A8}.Debug|Any CPU.Build.0 = Debug|Any CPU
		{13452988-9B22-4F94-A698-39F3388415A8}.Release|Any CPU.ActiveCfg = Release|Any CPU
		{13452988-9B22-4F94-A698-39F3388415A8}.Release|Any CPU.Build.0 = Release|Any CPU
	EndGlobalSection
	GlobalSection(SolutionProperties) = preSolution
		HideSolutionNode = FALSE
	EndGlobalSection
	GlobalSection(ExtensibilityGlobals) = postSolution
		SolutionGuid = {FED10779-4B89-4C15-A518-7E19D7F69A78}
	EndGlobalSection
EndGlobal
